// !$*UTF8*$!
{
	archiveVersion = 1;
	classes = {
	};
	objectVersion = 50;
	objects = {

/* Begin PBXBuildFile section */
		ACDB39922087334C005FA84A /* AppDelegate.swift in Sources */ = {isa = PBXBuildFile; fileRef = ACDB39912087334C005FA84A /* AppDelegate.swift */; };
		ACDB39942087334C005FA84A /* SearchVC.swift in Sources */ = {isa = PBXBuildFile; fileRef = ACDB39932087334C005FA84A /* SearchVC.swift */; };
		ACDB39972087334C005FA84A /* Main.storyboard in Resources */ = {isa = PBXBuildFile; fileRef = ACDB39952087334C005FA84A /* Main.storyboard */; };
		ACDB39992087334E005FA84A /* Assets.xcassets in Resources */ = {isa = PBXBuildFile; fileRef = ACDB39982087334E005FA84A /* Assets.xcassets */; };
		ACDB399C2087334E005FA84A /* LaunchScreen.storyboard in Resources */ = {isa = PBXBuildFile; fileRef = ACDB399A2087334E005FA84A /* LaunchScreen.storyboard */; };
		ACDB39A4208733D4005FA84A /* Datamanager.swift in Sources */ = {isa = PBXBuildFile; fileRef = ACDB39A3208733D4005FA84A /* Datamanager.swift */; };
		ACDB39A720873CEB005FA84A /* Photos.swift in Sources */ = {isa = PBXBuildFile; fileRef = ACDB39A620873CEB005FA84A /* Photos.swift */; };
		ACDB39AA20875650005FA84A /* ImageCell.swift in Sources */ = {isa = PBXBuildFile; fileRef = ACDB39A920875650005FA84A /* ImageCell.swift */; };
		ACDB39B120875968005FA84A /* SearchResultVC.swift in Sources */ = {isa = PBXBuildFile; fileRef = ACDB39B020875968005FA84A /* SearchResultVC.swift */; };
		ACDB39B620878DFA005FA84A /* Extensions.swift in Sources */ = {isa = PBXBuildFile; fileRef = ACDB39B520878DFA005FA84A /* Extensions.swift */; };
		ACDB39B8208795A1005FA84A /* SelectedPhoto.swift in Sources */ = {isa = PBXBuildFile; fileRef = ACDB39B7208795A1005FA84A /* SelectedPhoto.swift */; };
		ACE20F8F2087B18D00C335AF /* PhotoInfo.swift in Sources */ = {isa = PBXBuildFile; fileRef = ACE20F8E2087B18D00C335AF /* PhotoInfo.swift */; };
		ACE20F9220885E2500C335AF /* GlobalFunctions.swift in Sources */ = {isa = PBXBuildFile; fileRef = ACE20F9120885E2500C335AF /* GlobalFunctions.swift */; };
/* End PBXBuildFile section */

/* Begin PBXFileReference section */
		ACDB398E2087334B005FA84A /* FlickR Search.app */ = {isa = PBXFileReference; explicitFileType = wrapper.application; includeInIndex = 0; path = "FlickR Search.app"; sourceTree = BUILT_PRODUCTS_DIR; };
		ACDB39912087334C005FA84A /* AppDelegate.swift */ = {isa = PBXFileReference; lastKnownFileType = sourcecode.swift; path = AppDelegate.swift; sourceTree = "<group>"; };
		ACDB39932087334C005FA84A /* SearchVC.swift */ = {isa = PBXFileReference; lastKnownFileType = sourcecode.swift; path = SearchVC.swift; sourceTree = "<group>"; };
		ACDB39962087334C005FA84A /* Base */ = {isa = PBXFileReference; lastKnownFileType = file.storyboard; name = Base; path = Base.lproj/Main.storyboard; sourceTree = "<group>"; };
		ACDB39982087334E005FA84A /* Assets.xcassets */ = {isa = PBXFileReference; lastKnownFileType = folder.assetcatalog; path = Assets.xcassets; sourceTree = "<group>"; };
		ACDB399B2087334E005FA84A /* Base */ = {isa = PBXFileReference; lastKnownFileType = file.storyboard; name = Base; path = Base.lproj/LaunchScreen.storyboard; sourceTree = "<group>"; };
		ACDB399D2087334E005FA84A /* Info.plist */ = {isa = PBXFileReference; lastKnownFileType = text.plist.xml; path = Info.plist; sourceTree = "<group>"; };
		ACDB39A3208733D4005FA84A /* Datamanager.swift */ = {isa = PBXFileReference; lastKnownFileType = sourcecode.swift; path = Datamanager.swift; sourceTree = "<group>"; };
		ACDB39A620873CEB005FA84A /* Photos.swift */ = {isa = PBXFileReference; lastKnownFileType = sourcecode.swift; path = Photos.swift; sourceTree = "<group>"; };
		ACDB39A920875650005FA84A /* ImageCell.swift */ = {isa = PBXFileReference; lastKnownFileType = sourcecode.swift; path = ImageCell.swift; sourceTree = "<group>"; };
		ACDB39B020875968005FA84A /* SearchResultVC.swift */ = {isa = PBXFileReference; lastKnownFileType = sourcecode.swift; path = SearchResultVC.swift; sourceTree = "<group>"; };
		ACDB39B520878DFA005FA84A /* Extensions.swift */ = {isa = PBXFileReference; lastKnownFileType = sourcecode.swift; path = Extensions.swift; sourceTree = "<group>"; };
		ACDB39B7208795A1005FA84A /* SelectedPhoto.swift */ = {isa = PBXFileReference; lastKnownFileType = sourcecode.swift; path = SelectedPhoto.swift; sourceTree = "<group>"; };
		ACE20F8E2087B18D00C335AF /* PhotoInfo.swift */ = {isa = PBXFileReference; lastKnownFileType = sourcecode.swift; path = PhotoInfo.swift; sourceTree = "<group>"; };
		ACE20F9120885E2500C335AF /* GlobalFunctions.swift */ = {isa = PBXFileReference; lastKnownFileType = sourcecode.swift; path = GlobalFunctions.swift; sourceTree = "<group>"; };
/* End PBXFileReference section */

/* Begin PBXFrameworksBuildPhase section */
		ACDB398B2087334B005FA84A /* Frameworks */ = {
			isa = PBXFrameworksBuildPhase;
			buildActionMask = 2147483647;
			files = (
			);
			runOnlyForDeploymentPostprocessing = 0;
		};
/* End PBXFrameworksBuildPhase section */

/* Begin PBXGroup section */
		ACDB39852087334B005FA84A = {
			isa = PBXGroup;
			children = (
				ACDB39902087334B005FA84A /* FlickR Search */,
				ACDB398F2087334B005FA84A /* Products */,
			);
			sourceTree = "<group>";
		};
		ACDB398F2087334B005FA84A /* Products */ = {
			isa = PBXGroup;
			children = (
				ACDB398E2087334B005FA84A /* FlickR Search.app */,
			);
			name = Products;
			sourceTree = "<group>";
		};
		ACDB39902087334B005FA84A /* FlickR Search */ = {
			isa = PBXGroup;
			children = (
				ACE20F9020885DDA00C335AF /* Application */,
				ACDB399D2087334E005FA84A /* Info.plist */,
				ACDB39A520873CDF005FA84A /* Managers */,
				ACDB39A8208755E0005FA84A /* Models */,
				ACDB39AB20875654005FA84A /* Views */,
			);
			path = "FlickR Search";
			sourceTree = "<group>";
		};
		ACDB39A520873CDF005FA84A /* Managers */ = {
			isa = PBXGroup;
			children = (
				ACDB39A3208733D4005FA84A /* Datamanager.swift */,
			);
			path = Managers;
			sourceTree = "<group>";
		};
		ACDB39A8208755E0005FA84A /* Models */ = {
			isa = PBXGroup;
			children = (
				ACDB39A620873CEB005FA84A /* Photos.swift */,
				ACE20F8E2087B18D00C335AF /* PhotoInfo.swift */,
			);
			path = Models;
			sourceTree = "<group>";
		};
		ACDB39AB20875654005FA84A /* Views */ = {
			isa = PBXGroup;
			children = (
				ACDB39AE20875683005FA84A /* Storyboards */,
				ACDB39AD2087566F005FA84A /* ViewControllers */,
				ACDB39AC2087566A005FA84A /* Cells */,
			);
			path = Views;
			sourceTree = "<group>";
		};
		ACDB39AC2087566A005FA84A /* Cells */ = {
			isa = PBXGroup;
			children = (
				ACDB39A920875650005FA84A /* ImageCell.swift */,
			);
			path = Cells;
			sourceTree = "<group>";
		};
		ACDB39AD2087566F005FA84A /* ViewControllers */ = {
			isa = PBXGroup;
			children = (
				ACDB39932087334C005FA84A /* SearchVC.swift */,
				ACDB39B020875968005FA84A /* SearchResultVC.swift */,
				ACDB39B7208795A1005FA84A /* SelectedPhoto.swift */,
			);
			path = ViewControllers;
			sourceTree = "<group>";
		};
		ACDB39AE20875683005FA84A /* Storyboards */ = {
			isa = PBXGroup;
			children = (
				ACDB39952087334C005FA84A /* Main.storyboard */,
				ACDB399A2087334E005FA84A /* LaunchScreen.storyboard */,
			);
			path = Storyboards;
			sourceTree = "<group>";
		};
		ACE20F9020885DDA00C335AF /* Application */ = {
			isa = PBXGroup;
			children = (
				ACDB39B520878DFA005FA84A /* Extensions.swift */,
				ACDB39912087334C005FA84A /* AppDelegate.swift */,
				ACDB39982087334E005FA84A /* Assets.xcassets */,
				ACE20F9120885E2500C335AF /* GlobalFunctions.swift */,
			);
			path = Application;
			sourceTree = "<group>";
		};
/* End PBXGroup section */

/* Begin PBXNativeTarget section */
		ACDB398D2087334B005FA84A /* FlickR Search */ = {
			isa = PBXNativeTarget;
			buildConfigurationList = ACDB39A02087334E005FA84A /* Build configuration list for PBXNativeTarget "FlickR Search" */;
			buildPhases = (
				ACDB398A2087334B005FA84A /* Sources */,
				ACDB398B2087334B005FA84A /* Frameworks */,
				ACDB398C2087334B005FA84A /* Resources */,
			);
			buildRules = (
			);
			dependencies = (
			);
			name = "FlickR Search";
			productName = "FlickR Search";
			productReference = ACDB398E2087334B005FA84A /* FlickR Search.app */;
			productType = "com.apple.product-type.application";
		};
/* End PBXNativeTarget section */

/* Begin PBXProject section */
		ACDB39862087334B005FA84A /* Project object */ = {
			isa = PBXProject;
			attributes = {
				LastSwiftUpdateCheck = 0930;
				LastUpgradeCheck = 0930;
				ORGANIZATIONNAME = "Giovanni Palusa";
				TargetAttributes = {
					ACDB398D2087334B005FA84A = {
						CreatedOnToolsVersion = 9.3;
					};
				};
			};
			buildConfigurationList = ACDB39892087334B005FA84A /* Build configuration list for PBXProject "FlickR Search" */;
			compatibilityVersion = "Xcode 9.3";
			developmentRegion = en;
			hasScannedForEncodings = 0;
			knownRegions = (
				en,
				Base,
			);
			mainGroup = ACDB39852087334B005FA84A;
			productRefGroup = ACDB398F2087334B005FA84A /* Products */;
			projectDirPath = "";
			projectRoot = "";
			targets = (
				ACDB398D2087334B005FA84A /* FlickR Search */,
			);
		};
/* End PBXProject section */

/* Begin PBXResourcesBuildPhase section */
		ACDB398C2087334B005FA84A /* Resources */ = {
			isa = PBXResourcesBuildPhase;
			buildActionMask = 2147483647;
			files = (
				ACDB399C2087334E005FA84A /* LaunchScreen.storyboard in Resources */,
				ACDB39992087334E005FA84A /* Assets.xcassets in Resources */,
				ACDB39972087334C005FA84A /* Main.storyboard in Resources */,
			);
			runOnlyForDeploymentPostprocessing = 0;
		};
/* End PBXResourcesBuildPhase section */

/* Begin PBXSourcesBuildPhase section */
		ACDB398A2087334B005FA84A /* Sources */ = {
			isa = PBXSourcesBuildPhase;
			buildActionMask = 2147483647;
			files = (
				ACE20F8F2087B18D00C335AF /* PhotoInfo.swift in Sources */,
				ACDB39B8208795A1005FA84A /* SelectedPhoto.swift in Sources */,
				ACE20F9220885E2500C335AF /* GlobalFunctions.swift in Sources */,
				ACDB39A720873CEB005FA84A /* Photos.swift in Sources */,
				ACDB39A4208733D4005FA84A /* Datamanager.swift in Sources */,
				ACDB39942087334C005FA84A /* SearchVC.swift in Sources */,
				ACDB39B620878DFA005FA84A /* Extensions.swift in Sources */,
				ACDB39B120875968005FA84A /* SearchResultVC.swift in Sources */,
				ACDB39922087334C005FA84A /* AppDelegate.swift in Sources */,
				ACDB39AA20875650005FA84A /* ImageCell.swift in Sources */,
			);
			runOnlyForDeploymentPostprocessing = 0;
		};
/* End PBXSourcesBuildPhase section */

/* Begin PBXVariantGroup section */
		ACDB39952087334C005FA84A /* Main.storyboard */ = {
			isa = PBXVariantGroup;
			children = (
				ACDB39962087334C005FA84A /* Base */,
			);
			name = Main.storyboard;
			sourceTree = "<group>";
		};
		ACDB399A2087334E005FA84A /* LaunchScreen.storyboard */ = {
			isa = PBXVariantGroup;
			children = (
				ACDB399B2087334E005FA84A /* Base */,
			);
			name = LaunchScreen.storyboard;
			sourceTree = "<group>";
		};
/* End PBXVariantGroup section */

/* Begin XCBuildConfiguration section */
		ACDB399E2087334E005FA84A /* Debug */ = {
			isa = XCBuildConfiguration;
			buildSettings = {
				ALWAYS_SEARCH_USER_PATHS = NO;
				CLANG_ANALYZER_NONNULL = YES;
				CLANG_ANALYZER_NUMBER_OBJECT_CONVERSION = YES_AGGRESSIVE;
				CLANG_CXX_LANGUAGE_STANDARD = "gnu++14";
				CLANG_CXX_LIBRARY = "libc++";
				CLANG_ENABLE_MODULES = YES;
				CLANG_ENABLE_OBJC_ARC = YES;
				CLANG_ENABLE_OBJC_WEAK = YES;
				CLANG_WARN_BLOCK_CAPTURE_AUTORELEASING = YES;
				CLANG_WARN_BOOL_CONVERSION = YES;
				CLANG_WARN_COMMA = YES;
				CLANG_WARN_CONSTANT_CONVERSION = YES;
				CLANG_WARN_DEPRECATED_OBJC_IMPLEMENTATIONS = YES;
				CLANG_WARN_DIRECT_OBJC_ISA_USAGE = YES_ERROR;
				CLANG_WARN_DOCUMENTATION_COMMENTS = YES;
				CLANG_WARN_EMPTY_BODY = YES;
				CLANG_WARN_ENUM_CONVERSION = YES;
				CLANG_WARN_INFINITE_RECURSION = YES;
				CLANG_WARN_INT_CONVERSION = YES;
				CLANG_WARN_NON_LITERAL_NULL_CONVERSION = YES;
				CLANG_WARN_OBJC_IMPLICIT_RETAIN_SELF = YES;
				CLANG_WARN_OBJC_LITERAL_CONVERSION = YES;
				CLANG_WARN_OBJC_ROOT_CLASS = YES_ERROR;
				CLANG_WARN_RANGE_LOOP_ANALYSIS = YES;
				CLANG_WARN_STRICT_PROTOTYPES = YES;
				CLANG_WARN_SUSPICIOUS_MOVE = YES;
				CLANG_WARN_UNGUARDED_AVAILABILITY = YES_AGGRESSIVE;
				CLANG_WARN_UNREACHABLE_CODE = YES;
				CLANG_WARN__DUPLICATE_METHOD_MATCH = YES;
				CODE_SIGN_IDENTITY = "iPhone Developer";
				COPY_PHASE_STRIP = NO;
				DEBUG_INFORMATION_FORMAT = dwarf;
				ENABLE_STRICT_OBJC_MSGSEND = YES;
				ENABLE_TESTABILITY = YES;
				GCC_C_LANGUAGE_STANDARD = gnu11;
				GCC_DYNAMIC_NO_PIC = NO;
				GCC_NO_COMMON_BLOCKS = YES;
				GCC_OPTIMIZATION_LEVEL = 0;
				GCC_PREPROCESSOR_DEFINITIONS = (
					"DEBUG=1",
					"$(inherited)",
				);
				GCC_WARN_64_TO_32_BIT_CONVERSION = YES;
				GCC_WARN_ABOUT_RETURN_TYPE = YES_ERROR;
				GCC_WARN_UNDECLARED_SELECTOR = YES;
				GCC_WARN_UNINITIALIZED_AUTOS = YES_AGGRESSIVE;
				GCC_WARN_UNUSED_FUNCTION = YES;
				GCC_WARN_UNUSED_VARIABLE = YES;
				IPHONEOS_DEPLOYMENT_TARGET = 11.3;
				MTL_ENABLE_DEBUG_INFO = YES;
				ONLY_ACTIVE_ARCH = YES;
				SDKROOT = iphoneos;
				SWIFT_ACTIVE_COMPILATION_CONDITIONS = DEBUG;
				SWIFT_OPTIMIZATION_LEVEL = "-Onone";
			};
			name = Debug;
		};
		ACDB399F2087334E005FA84A /* Release */ = {
			isa = XCBuildConfiguration;
			buildSettings = {
				ALWAYS_SEARCH_USER_PATHS = NO;
				CLANG_ANALYZER_NONNULL = YES;
				CLANG_ANALYZER_NUMBER_OBJECT_CONVERSION = YES_AGGRESSIVE;
				CLANG_CXX_LANGUAGE_STANDARD = "gnu++14";
				CLANG_CXX_LIBRARY = "libc++";
				CLANG_ENABLE_MODULES = YES;
				CLANG_ENABLE_OBJC_ARC = YES;
				CLANG_ENABLE_OBJC_WEAK = YES;
				CLANG_WARN_BLOCK_CAPTURE_AUTORELEASING = YES;
				CLANG_WARN_BOOL_CONVERSION = YES;
				CLANG_WARN_COMMA = YES;
				CLANG_WARN_CONSTANT_CONVERSION = YES;
				CLANG_WARN_DEPRECATED_OBJC_IMPLEMENTATIONS = YES;
				CLANG_WARN_DIRECT_OBJC_ISA_USAGE = YES_ERROR;
				CLANG_WARN_DOCUMENTATION_COMMENTS = YES;
				CLANG_WARN_EMPTY_BODY = YES;
				CLANG_WARN_ENUM_CONVERSION = YES;
				CLANG_WARN_INFINITE_RECURSION = YES;
				CLANG_WARN_INT_CONVERSION = YES;
				CLANG_WARN_NON_LITERAL_NULL_CONVERSION = YES;
				CLANG_WARN_OBJC_IMPLICIT_RETAIN_SELF = YES;
				CLANG_WARN_OBJC_LITERAL_CONVERSION = YES;
				CLANG_WARN_OBJC_ROOT_CLASS = YES_ERROR;
				CLANG_WARN_RANGE_LOOP_ANALYSIS = YES;
				CLANG_WARN_STRICT_PROTOTYPES = YES;
				CLANG_WARN_SUSPICIOUS_MOVE = YES;
				CLANG_WARN_UNGUARDED_AVAILABILITY = YES_AGGRESSIVE;
				CLANG_WARN_UNREACHABLE_CODE = YES;
				CLANG_WARN__DUPLICATE_METHOD_MATCH = YES;
				CODE_SIGN_IDENTITY = "iPhone Developer";
				COPY_PHASE_STRIP = NO;
				DEBUG_INFORMATION_FORMAT = "dwarf-with-dsym";
				ENABLE_NS_ASSERTIONS = NO;
				ENABLE_STRICT_OBJC_MSGSEND = YES;
				GCC_C_LANGUAGE_STANDARD = gnu11;
				GCC_NO_COMMON_BLOCKS = YES;
				GCC_WARN_64_TO_32_BIT_CONVERSION = YES;
				GCC_WARN_ABOUT_RETURN_TYPE = YES_ERROR;
				GCC_WARN_UNDECLARED_SELECTOR = YES;
				GCC_WARN_UNINITIALIZED_AUTOS = YES_AGGRESSIVE;
				GCC_WARN_UNUSED_FUNCTION = YES;
				GCC_WARN_UNUSED_VARIABLE = YES;
				IPHONEOS_DEPLOYMENT_TARGET = 11.3;
				MTL_ENABLE_DEBUG_INFO = NO;
				SDKROOT = iphoneos;
				SWIFT_COMPILATION_MODE = wholemodule;
				SWIFT_OPTIMIZATION_LEVEL = "-O";
				VALIDATE_PRODUCT = YES;
			};
			name = Release;
		};
		ACDB39A12087334E005FA84A /* Debug */ = {
			isa = XCBuildConfiguration;
			buildSettings = {
				ASSETCATALOG_COMPILER_APPICON_NAME = AppIcon;
				CODE_SIGN_STYLE = Automatic;
				DEVELOPMENT_TEAM = 4W4M797J67;
				INFOPLIST_FILE = "FlickR Search/Info.plist";
				LD_RUNPATH_SEARCH_PATHS = (
					"$(inherited)",
					"@executable_path/Frameworks",
				);
				PRODUCT_BUNDLE_IDENTIFIER = "se.palusa.FlickR-Search";
				PRODUCT_NAME = "$(TARGET_NAME)";
				SWIFT_VERSION = 4.0;
				TARGETED_DEVICE_FAMILY = "1,2";
			};
			name = Debug;
		};
		ACDB39A22087334E005FA84A /* Release */ = {
			isa = XCBuildConfiguration;
			buildSettings = {
				ASSETCATALOG_COMPILER_APPICON_NAME = AppIcon;
				CODE_SIGN_STYLE = Automatic;
				DEVELOPMENT_TEAM = 4W4M797J67;
				INFOPLIST_FILE = "FlickR Search/Info.plist";
				LD_RUNPATH_SEARCH_PATHS = (
					"$(inherited)",
					"@executable_path/Frameworks",
				);
				PRODUCT_BUNDLE_IDENTIFIER = "se.palusa.FlickR-Search";
				PRODUCT_NAME = "$(TARGET_NAME)";
				SWIFT_VERSION = 4.0;
				TARGETED_DEVICE_FAMILY = "1,2";
			};
			name = Release;
		};
/* End XCBuildConfiguration section */

/* Begin XCConfigurationList section */
		ACDB39892087334B005FA84A /* Build configuration list for PBXProject "FlickR Search" */ = {
			isa = XCConfigurationList;
			buildConfigurations = (
				ACDB399E2087334E005FA84A /* Debug */,
				ACDB399F2087334E005FA84A /* Release */,
			);
			defaultConfigurationIsVisible = 0;
			defaultConfigurationName = Release;
		};
		ACDB39A02087334E005FA84A /* Build configuration list for PBXNativeTarget "FlickR Search" */ = {
			isa = XCConfigurationList;
			buildConfigurations = (
				ACDB39A12087334E005FA84A /* Debug */,
				ACDB39A22087334E005FA84A /* Release */,
			);
			defaultConfigurationIsVisible = 0;
			defaultConfigurationName = Release;
		};
/* End XCConfigurationList section */
	};
	rootObject = ACDB39862087334B005FA84A /* Project object */;
}
